
Microsoft Visual Studio Solution File, Format Version 12.00
# Visual Studio Version 17
VisualStudioVersion = 17.2.32616.157
MinimumVisualStudioVersion = 10.0.40219.1
Project("{FAE04EC0-301F-11D3-BF4B-00C04F79EFBC}") = "PortProxy", "PortProxy\PortProxy.csproj", "{4ED9CFDA-CFC2-4D8D-963C-6ECB938604A2}"
EndProject
Project("{FAE04EC0-301F-11D3-BF4B-00C04F79EFBC}") = "PortProxy.App", "PortProxy.App\PortProxy.App.csproj", "{4B3375D4-CBA9-48D7-9954-739A55762400}"
EndProject
Project("{FAE04EC0-301F-11D3-BF4B-00C04F79EFBC}") = "PortProxy.WinService", "PortProxy.WinService\PortProxy.WinService.csproj", "{0EFB13A7-384A-4878-8571-0F9BDFC39E04}"
EndProject
Global
	GlobalSection(SolutionConfigurationPlatforms) = preSolution
		Debug|Any CPU = Debug|Any CPU
		Release|Any CPU = Release|Any CPU
	EndGlobalSection
	GlobalSection(ProjectConfigurationPlatforms) = postSolution
		{4ED9CFDA-CFC2-4D8D-963C-6ECB938604A2}.Debug|Any CPU.ActiveCfg = Debug|Any CPU
		{4ED9CFDA-CFC2-4D8D-963C-6ECB938604A2}.Debug|Any CPU.Build.0 = Debug|Any CPU
		{4ED9CFDA-CFC2-4D8D-963C-6ECB938604A2}.Release|Any CPU.ActiveCfg = Release|Any CPU
		{4ED9CFDA-CFC2-4D8D-963C-6ECB938604A2}.Release|Any CPU.Build.0 = Release|Any CPU
		{4B3375D4-CBA9-48D7-9954-739A55762400}.Debug|Any CPU.ActiveCfg = Debug|Any CPU
		{4B3375D4-CBA9-48D7-9954-739A55762400}.Debug|Any CPU.Build.0 = Debug|Any CPU
		{4B3375D4-CBA9-48D7-9954-739A55762400}.Release|Any CPU.ActiveCfg = Release|Any CPU
		{4B3375D4-CBA9-48D7-9954-739A55762400}.Release|Any CPU.Build.0 = Release|Any CPU
		{0EFB13A7-384A-4878-8571-0F9BDFC39E04}.Debug|Any CPU.ActiveCfg = Debug|Any CPU
		{0EFB13A7-384A-4878-8571-0F9BDFC39E04}.Debug|Any CPU.Build.0 = Debug|Any CPU
		{0EFB13A7-384A-4878-8571-0F9BDFC39E04}.Release|Any CPU.ActiveCfg = Release|Any CPU
		{0EFB13A7-384A-4878-8571-0F9BDFC39E04}.Release|Any CPU.Build.0 = Release|Any CPU
	EndGlobalSection
	GlobalSection(SolutionProperties) = preSolution
		HideSolutionNode = FALSE
	EndGlobalSection
	GlobalSection(ExtensibilityGlobals) = postSolution
		SolutionGuid = {3BCC898E-A342-42B2-A044-300A2DFC0270}
	EndGlobalSection
EndGlobal
